// !$*UTF8*$!
{
	archiveVersion = 1;
	classes = {
	};
	objectVersion = 56;
	objects = {

/* Begin PBXBuildFile section */
		64C31F1829291F55008ED01E /* Circle_and_CrossApp.swift in Sources */ = {isa = PBXBuildFile; fileRef = 64C31F1729291F55008ED01E /* Circle_and_CrossApp.swift */; };
		64C31F1A29291F55008ED01E /* ContentView.swift in Sources */ = {isa = PBXBuildFile; fileRef = 64C31F1929291F55008ED01E /* ContentView.swift */; };
		64C31F1C29291F57008ED01E /* Assets.xcassets in Resources */ = {isa = PBXBuildFile; fileRef = 64C31F1B29291F57008ED01E /* Assets.xcassets */; };
		64C31F1F29291F57008ED01E /* Preview Assets.xcassets in Resources */ = {isa = PBXBuildFile; fileRef = 64C31F1E29291F57008ED01E /* Preview Assets.xcassets */; };
		64C31F2929291F57008ED01E /* Circle_and_CrossTests.swift in Sources */ = {isa = PBXBuildFile; fileRef = 64C31F2829291F57008ED01E /* Circle_and_CrossTests.swift */; };
		64C31F3329291F57008ED01E /* Circle_and_CrossUITests.swift in Sources */ = {isa = PBXBuildFile; fileRef = 64C31F3229291F57008ED01E /* Circle_and_CrossUITests.swift */; };
		64C31F3529291F57008ED01E /* Circle_and_CrossUITestsLaunchTests.swift in Sources */ = {isa = PBXBuildFile; fileRef = 64C31F3429291F57008ED01E /* Circle_and_CrossUITestsLaunchTests.swift */; };
/* End PBXBuildFile section */

/* Begin PBXContainerItemProxy section */
		64C31F2529291F57008ED01E /* PBXContainerItemProxy */ = {
			isa = PBXContainerItemProxy;
			containerPortal = 64C31F0C29291F55008ED01E /* Project object */;
			proxyType = 1;
			remoteGlobalIDString = 64C31F1329291F55008ED01E;
			remoteInfo = "Circle and Cross";
		};
		64C31F2F29291F57008ED01E /* PBXContainerItemProxy */ = {
			isa = PBXContainerItemProxy;
			containerPortal = 64C31F0C29291F55008ED01E /* Project object */;
			proxyType = 1;
			remoteGlobalIDString = 64C31F1329291F55008ED01E;
			remoteInfo = "Circle and Cross";
		};
/* End PBXContainerItemProxy section */

/* Begin PBXFileReference section */
		64C31F1429291F55008ED01E /* Circle and Cross.app */ = {isa = PBXFileReference; explicitFileType = wrapper.application; includeInIndex = 0; path = "Circle and Cross.app"; sourceTree = BUILT_PRODUCTS_DIR; };
		64C31F1729291F55008ED01E /* Circle_and_CrossApp.swift */ = {isa = PBXFileReference; lastKnownFileType = sourcecode.swift; path = Circle_and_CrossApp.swift; sourceTree = "<group>"; };
		64C31F1929291F55008ED01E /* ContentView.swift */ = {isa = PBXFileReference; lastKnownFileType = sourcecode.swift; path = ContentView.swift; sourceTree = "<group>"; };
		64C31F1B29291F57008ED01E /* Assets.xcassets */ = {isa = PBXFileReference; lastKnownFileType = folder.assetcatalog; path = Assets.xcassets; sourceTree = "<group>"; };
		64C31F1E29291F57008ED01E /* Preview Assets.xcassets */ = {isa = PBXFileReference; lastKnownFileType = folder.assetcatalog; path = "Preview Assets.xcassets"; sourceTree = "<group>"; };
		64C31F2429291F57008ED01E /* Circle and CrossTests.xctest */ = {isa = PBXFileReference; explicitFileType = wrapper.cfbundle; includeInIndex = 0; path = "Circle and CrossTests.xctest"; sourceTree = BUILT_PRODUCTS_DIR; };
		64C31F2829291F57008ED01E /* Circle_and_CrossTests.swift */ = {isa = PBXFileReference; lastKnownFileType = sourcecode.swift; path = Circle_and_CrossTests.swift; sourceTree = "<group>"; };
		64C31F2E29291F57008ED01E /* Circle and CrossUITests.xctest */ = {isa = PBXFileReference; explicitFileType = wrapper.cfbundle; includeInIndex = 0; path = "Circle and CrossUITests.xctest"; sourceTree = BUILT_PRODUCTS_DIR; };
		64C31F3229291F57008ED01E /* Circle_and_CrossUITests.swift */ = {isa = PBXFileReference; lastKnownFileType = sourcecode.swift; path = Circle_and_CrossUITests.swift; sourceTree = "<group>"; };
		64C31F3429291F57008ED01E /* Circle_and_CrossUITestsLaunchTests.swift */ = {isa = PBXFileReference; lastKnownFileType = sourcecode.swift; path = Circle_and_CrossUITestsLaunchTests.swift; sourceTree = "<group>"; };
/* End PBXFileReference section */

/* Begin PBXFrameworksBuildPhase section */
		64C31F1129291F55008ED01E /* Frameworks */ = {
			isa = PBXFrameworksBuildPhase;
			buildActionMask = 2147483647;
			files = (
			);
			runOnlyForDeploymentPostprocessing = 0;
		};
		64C31F2129291F57008ED01E /* Frameworks */ = {
			isa = PBXFrameworksBuildPhase;
			buildActionMask = 2147483647;
			files = (
			);
			runOnlyForDeploymentPostprocessing = 0;
		};
		64C31F2B29291F57008ED01E /* Frameworks */ = {
			isa = PBXFrameworksBuildPhase;
			buildActionMask = 2147483647;
			files = (
			);
			runOnlyForDeploymentPostprocessing = 0;
		};
/* End PBXFrameworksBuildPhase section */

/* Begin PBXGroup section */
		64C31F0B29291F55008ED01E = {
			isa = PBXGroup;
			children = (
				64C31F1629291F55008ED01E /* Circle and Cross */,
				64C31F2729291F57008ED01E /* Circle and CrossTests */,
				64C31F3129291F57008ED01E /* Circle and CrossUITests */,
				64C31F1529291F55008ED01E /* Products */,
			);
			sourceTree = "<group>";
		};
		64C31F1529291F55008ED01E /* Products */ = {
			isa = PBXGroup;
			children = (
				64C31F1429291F55008ED01E /* Circle and Cross.app */,
				64C31F2429291F57008ED01E /* Circle and CrossTests.xctest */,
				64C31F2E29291F57008ED01E /* Circle and CrossUITests.xctest */,
			);
			name = Products;
			sourceTree = "<group>";
		};
		64C31F1629291F55008ED01E /* Circle and Cross */ = {
			isa = PBXGroup;
			children = (
				64C31F1729291F55008ED01E /* Circle_and_CrossApp.swift */,
				64C31F1929291F55008ED01E /* ContentView.swift */,
				64C31F1B29291F57008ED01E /* Assets.xcassets */,
				64C31F1D29291F57008ED01E /* Preview Content */,
			);
			path = "Circle and Cross";
			sourceTree = "<group>";
		};
		64C31F1D29291F57008ED01E /* Preview Content */ = {
			isa = PBXGroup;
			children = (
				64C31F1E29291F57008ED01E /* Preview Assets.xcassets */,
			);
			path = "Preview Content";
			sourceTree = "<group>";
		};
		64C31F2729291F57008ED01E /* Circle and CrossTests */ = {
			isa = PBXGroup;
			children = (
				64C31F2829291F57008ED01E /* Circle_and_CrossTests.swift */,
			);
			path = "Circle and CrossTests";
			sourceTree = "<group>";
		};
		64C31F3129291F57008ED01E /* Circle and CrossUITests */ = {
			isa = PBXGroup;
			children = (
				64C31F3229291F57008ED01E /* Circle_and_CrossUITests.swift */,
				64C31F3429291F57008ED01E /* Circle_and_CrossUITestsLaunchTests.swift */,
			);
			path = "Circle and CrossUITests";
			sourceTree = "<group>";
		};
/* End PBXGroup section */

/* Begin PBXNativeTarget section */
		64C31F1329291F55008ED01E /* Circle and Cross */ = {
			isa = PBXNativeTarget;
			buildConfigurationList = 64C31F3829291F57008ED01E /* Build configuration list for PBXNativeTarget "Circle and Cross" */;
			buildPhases = (
				64C31F1029291F55008ED01E /* Sources */,
				64C31F1129291F55008ED01E /* Frameworks */,
				64C31F1229291F55008ED01E /* Resources */,
			);
			buildRules = (
			);
			dependencies = (
			);
			name = "Circle and Cross";
			productName = "Circle and Cross";
			productReference = 64C31F1429291F55008ED01E /* Circle and Cross.app */;
			productType = "com.apple.product-type.application";
		};
		64C31F2329291F57008ED01E /* Circle and CrossTests */ = {
			isa = PBXNativeTarget;
			buildConfigurationList = 64C31F3B29291F57008ED01E /* Build configuration list for PBXNativeTarget "Circle and CrossTests" */;
			buildPhases = (
				64C31F2029291F57008ED01E /* Sources */,
				64C31F2129291F57008ED01E /* Frameworks */,
				64C31F2229291F57008ED01E /* Resources */,
			);
			buildRules = (
			);
			dependencies = (
				64C31F2629291F57008ED01E /* PBXTargetDependency */,
			);
			name = "Circle and CrossTests";
			productName = "Circle and CrossTests";
			productReference = 64C31F2429291F57008ED01E /* Circle and CrossTests.xctest */;
			productType = "com.apple.product-type.bundle.unit-test";
		};
		64C31F2D29291F57008ED01E /* Circle and CrossUITests */ = {
			isa = PBXNativeTarget;
			buildConfigurationList = 64C31F3E29291F57008ED01E /* Build configuration list for PBXNativeTarget "Circle and CrossUITests" */;
			buildPhases = (
				64C31F2A29291F57008ED01E /* Sources */,
				64C31F2B29291F57008ED01E /* Frameworks */,
				64C31F2C29291F57008ED01E /* Resources */,
			);
			buildRules = (
			);
			dependencies = (
				64C31F3029291F57008ED01E /* PBXTargetDependency */,
			);
			name = "Circle and CrossUITests";
			productName = "Circle and CrossUITests";
			productReference = 64C31F2E29291F57008ED01E /* Circle and CrossUITests.xctest */;
			productType = "com.apple.product-type.bundle.ui-testing";
		};
/* End PBXNativeTarget section */

/* Begin PBXProject section */
		64C31F0C29291F55008ED01E /* Project object */ = {
			isa = PBXProject;
			attributes = {
				BuildIndependentTargetsInParallel = 1;
				LastSwiftUpdateCheck = 1410;
				LastUpgradeCheck = 1410;
				TargetAttributes = {
					64C31F1329291F55008ED01E = {
						CreatedOnToolsVersion = 14.1;
					};
					64C31F2329291F57008ED01E = {
						CreatedOnToolsVersion = 14.1;
						TestTargetID = 64C31F1329291F55008ED01E;
					};
					64C31F2D29291F57008ED01E = {
						CreatedOnToolsVersion = 14.1;
						TestTargetID = 64C31F1329291F55008ED01E;
					};
				};
			};
			buildConfigurationList = 64C31F0F29291F55008ED01E /* Build configuration list for PBXProject "Circle and Cross" */;
			compatibilityVersion = "Xcode 14.0";
			developmentRegion = en;
			hasScannedForEncodings = 0;
			knownRegions = (
				en,
				Base,
			);
			mainGroup = 64C31F0B29291F55008ED01E;
			productRefGroup = 64C31F1529291F55008ED01E /* Products */;
			projectDirPath = "";
			projectRoot = "";
			targets = (
				64C31F1329291F55008ED01E /* Circle and Cross */,
				64C31F2329291F57008ED01E /* Circle and CrossTests */,
				64C31F2D29291F57008ED01E /* Circle and CrossUITests */,
			);
		};
/* End PBXProject section */

/* Begin PBXResourcesBuildPhase section */
		64C31F1229291F55008ED01E /* Resources */ = {
			isa = PBXResourcesBuildPhase;
			buildActionMask = 2147483647;
			files = (
				64C31F1F29291F57008ED01E /* Preview Assets.xcassets in Resources */,
				64C31F1C29291F57008ED01E /* Assets.xcassets in Resources */,
			);
			runOnlyForDeploymentPostprocessing = 0;
		};
		64C31F2229291F57008ED01E /* Resources */ = {
			isa = PBXResourcesBuildPhase;
			buildActionMask = 2147483647;
			files = (
			);
			runOnlyForDeploymentPostprocessing = 0;
		};
		64C31F2C29291F57008ED01E /* Resources */ = {
			isa = PBXResourcesBuildPhase;
			buildActionMask = 2147483647;
			files = (
			);
			runOnlyForDeploymentPostprocessing = 0;
		};
/* End PBXResourcesBuildPhase section */

/* Begin PBXSourcesBuildPhase section */
		64C31F1029291F55008ED01E /* Sources */ = {
			isa = PBXSourcesBuildPhase;
			buildActionMask = 2147483647;
			files = (
				64C31F1A29291F55008ED01E /* ContentView.swift in Sources */,
				64C31F1829291F55008ED01E /* Circle_and_CrossApp.swift in Sources */,
			);
			runOnlyForDeploymentPostprocessing = 0;
		};
		64C31F2029291F57008ED01E /* Sources */ = {
			isa = PBXSourcesBuildPhase;
			buildActionMask = 2147483647;
			files = (
				64C31F2929291F57008ED01E /* Circle_and_CrossTests.swift in Sources */,
			);
			runOnlyForDeploymentPostprocessing = 0;
		};
		64C31F2A29291F57008ED01E /* Sources */ = {
			isa = PBXSourcesBuildPhase;
			buildActionMask = 2147483647;
			files = (
				64C31F3329291F57008ED01E /* Circle_and_CrossUITests.swift in Sources */,
				64C31F3529291F57008ED01E /* Circle_and_CrossUITestsLaunchTests.swift in Sources */,
			);
			runOnlyForDeploymentPostprocessing = 0;
		};
/* End PBXSourcesBuildPhase section */

/* Begin PBXTargetDependency section */
		64C31F2629291F57008ED01E /* PBXTargetDependency */ = {
			isa = PBXTargetDependency;
			target = 64C31F1329291F55008ED01E /* Circle and Cross */;
			targetProxy = 64C31F2529291F57008ED01E /* PBXContainerItemProxy */;
		};
		64C31F3029291F57008ED01E /* PBXTargetDependency */ = {
			isa = PBXTargetDependency;
			target = 64C31F1329291F55008ED01E /* Circle and Cross */;
			targetProxy = 64C31F2F29291F57008ED01E /* PBXContainerItemProxy */;
		};
/* End PBXTargetDependency section */

/* Begin XCBuildConfiguration section */
		64C31F3629291F57008ED01E /* Debug */ = {
			isa = XCBuildConfiguration;
			buildSettings = {
				ALWAYS_SEARCH_USER_PATHS = NO;
				CLANG_ANALYZER_NONNULL = YES;
				CLANG_ANALYZER_NUMBER_OBJECT_CONVERSION = YES_AGGRESSIVE;
				CLANG_CXX_LANGUAGE_STANDARD = "gnu++20";
				CLANG_ENABLE_MODULES = YES;
				CLANG_ENABLE_OBJC_ARC = YES;
				CLANG_ENABLE_OBJC_WEAK = YES;
				CLANG_WARN_BLOCK_CAPTURE_AUTORELEASING = YES;
				CLANG_WARN_BOOL_CONVERSION = YES;
				CLANG_WARN_COMMA = YES;
				CLANG_WARN_CONSTANT_CONVERSION = YES;
				CLANG_WARN_DEPRECATED_OBJC_IMPLEMENTATIONS = YES;
				CLANG_WARN_DIRECT_OBJC_ISA_USAGE = YES_ERROR;
				CLANG_WARN_DOCUMENTATION_COMMENTS = YES;
				CLANG_WARN_EMPTY_BODY = YES;
				CLANG_WARN_ENUM_CONVERSION = YES;
				CLANG_WARN_INFINITE_RECURSION = YES;
				CLANG_WARN_INT_CONVERSION = YES;
				CLANG_WARN_NON_LITERAL_NULL_CONVERSION = YES;
				CLANG_WARN_OBJC_IMPLICIT_RETAIN_SELF = YES;
				CLANG_WARN_OBJC_LITERAL_CONVERSION = YES;
				CLANG_WARN_OBJC_ROOT_CLASS = YES_ERROR;
				CLANG_WARN_QUOTED_INCLUDE_IN_FRAMEWORK_HEADER = YES;
				CLANG_WARN_RANGE_LOOP_ANALYSIS = YES;
				CLANG_WARN_STRICT_PROTOTYPES = YES;
				CLANG_WARN_SUSPICIOUS_MOVE = YES;
				CLANG_WARN_UNGUARDED_AVAILABILITY = YES_AGGRESSIVE;
				CLANG_WARN_UNREACHABLE_CODE = YES;
				CLANG_WARN__DUPLICATE_METHOD_MATCH = YES;
				COPY_PHASE_STRIP = NO;
				DEBUG_INFORMATION_FORMAT = dwarf;
				ENABLE_STRICT_OBJC_MSGSEND = YES;
				ENABLE_TESTABILITY = YES;
				GCC_C_LANGUAGE_STANDARD = gnu11;
				GCC_DYNAMIC_NO_PIC = NO;
				GCC_NO_COMMON_BLOCKS = YES;
				GCC_OPTIMIZATION_LEVEL = 0;
				GCC_PREPROCESSOR_DEFINITIONS = (
					"DEBUG=1",
					"$(inherited)",
				);
				GCC_WARN_64_TO_32_BIT_CONVERSION = YES;
				GCC_WARN_ABOUT_RETURN_TYPE = YES_ERROR;
				GCC_WARN_UNDECLARED_SELECTOR = YES;
				GCC_WARN_UNINITIALIZED_AUTOS = YES_AGGRESSIVE;
				GCC_WARN_UNUSED_FUNCTION = YES;
				GCC_WARN_UNUSED_VARIABLE = YES;
				IPHONEOS_DEPLOYMENT_TARGET = 16.1;
				MTL_ENABLE_DEBUG_INFO = INCLUDE_SOURCE;
				MTL_FAST_MATH = YES;
				ONLY_ACTIVE_ARCH = YES;
				SDKROOT = iphoneos;
				SWIFT_ACTIVE_COMPILATION_CONDITIONS = DEBUG;
				SWIFT_OPTIMIZATION_LEVEL = "-Onone";
			};
			name = Debug;
		};
		64C31F3729291F57008ED01E /* Release */ = {
			isa = XCBuildConfiguration;
			buildSettings = {
				ALWAYS_SEARCH_USER_PATHS = NO;
				CLANG_ANALYZER_NONNULL = YES;
				CLANG_ANALYZER_NUMBER_OBJECT_CONVERSION = YES_AGGRESSIVE;
				CLANG_CXX_LANGUAGE_STANDARD = "gnu++20";
				CLANG_ENABLE_MODULES = YES;
				CLANG_ENABLE_OBJC_ARC = YES;
				CLANG_ENABLE_OBJC_WEAK = YES;
				CLANG_WARN_BLOCK_CAPTURE_AUTORELEASING = YES;
				CLANG_WARN_BOOL_CONVERSION = YES;
				CLANG_WARN_COMMA = YES;
				CLANG_WARN_CONSTANT_CONVERSION = YES;
				CLANG_WARN_DEPRECATED_OBJC_IMPLEMENTATIONS = YES;
				CLANG_WARN_DIRECT_OBJC_ISA_USAGE = YES_ERROR;
				CLANG_WARN_DOCUMENTATION_COMMENTS = YES;
				CLANG_WARN_EMPTY_BODY = YES;
				CLANG_WARN_ENUM_CONVERSION = YES;
				CLANG_WARN_INFINITE_RECURSION = YES;
				CLANG_WARN_INT_CONVERSION = YES;
				CLANG_WARN_NON_LITERAL_NULL_CONVERSION = YES;
				CLANG_WARN_OBJC_IMPLICIT_RETAIN_SELF = YES;
				CLANG_WARN_OBJC_LITERAL_CONVERSION = YES;
				CLANG_WARN_OBJC_ROOT_CLASS = YES_ERROR;
				CLANG_WARN_QUOTED_INCLUDE_IN_FRAMEWORK_HEADER = YES;
				CLANG_WARN_RANGE_LOOP_ANALYSIS = YES;
				CLANG_WARN_STRICT_PROTOTYPES = YES;
				CLANG_WARN_SUSPICIOUS_MOVE = YES;
				CLANG_WARN_UNGUARDED_AVAILABILITY = YES_AGGRESSIVE;
				CLANG_WARN_UNREACHABLE_CODE = YES;
				CLANG_WARN__DUPLICATE_METHOD_MATCH = YES;
				COPY_PHASE_STRIP = NO;
				DEBUG_INFORMATION_FORMAT = "dwarf-with-dsym";
				ENABLE_NS_ASSERTIONS = NO;
				ENABLE_STRICT_OBJC_MSGSEND = YES;
				GCC_C_LANGUAGE_STANDARD = gnu11;
				GCC_NO_COMMON_BLOCKS = YES;
				GCC_WARN_64_TO_32_BIT_CONVERSION = YES;
				GCC_WARN_ABOUT_RETURN_TYPE = YES_ERROR;
				GCC_WARN_UNDECLARED_SELECTOR = YES;
				GCC_WARN_UNINITIALIZED_AUTOS = YES_AGGRESSIVE;
				GCC_WARN_UNUSED_FUNCTION = YES;
				GCC_WARN_UNUSED_VARIABLE = YES;
				IPHONEOS_DEPLOYMENT_TARGET = 16.1;
				MTL_ENABLE_DEBUG_INFO = NO;
				MTL_FAST_MATH = YES;
				SDKROOT = iphoneos;
				SWIFT_COMPILATION_MODE = wholemodule;
				SWIFT_OPTIMIZATION_LEVEL = "-O";
				VALIDATE_PRODUCT = YES;
			};
			name = Release;
		};
		64C31F3929291F57008ED01E /* Debug */ = {
			isa = XCBuildConfiguration;
			buildSettings = {
				ASSETCATALOG_COMPILER_APPICON_NAME = AppIcon;
				ASSETCATALOG_COMPILER_GLOBAL_ACCENT_COLOR_NAME = AccentColor;
				CODE_SIGN_STYLE = Automatic;
				CURRENT_PROJECT_VERSION = 1;
				DEVELOPMENT_ASSET_PATHS = "\"Circle and Cross/Preview Content\"";
				ENABLE_PREVIEWS = YES;
				GENERATE_INFOPLIST_FILE = YES;
				INFOPLIST_KEY_UIApplicationSceneManifest_Generation = YES;
				INFOPLIST_KEY_UIApplicationSupportsIndirectInputEvents = YES;
				INFOPLIST_KEY_UILaunchScreen_Generation = YES;
				INFOPLIST_KEY_UISupportedInterfaceOrientations_iPad = "UIInterfaceOrientationPortrait UIInterfaceOrientationPortraitUpsideDown UIInterfaceOrientationLandscapeLeft UIInterfaceOrientationLandscapeRight";
				INFOPLIST_KEY_UISupportedInterfaceOrientations_iPhone = "UIInterfaceOrientationPortrait UIInterfaceOrientationLandscapeLeft UIInterfaceOrientationLandscapeRight";
				LD_RUNPATH_SEARCH_PATHS = (
					"$(inherited)",
					"@executable_path/Frameworks",
				);
				MARKETING_VERSION = 1.0;
				PRODUCT_BUNDLE_IDENTIFIER = "k-k.com.Circle-and-Cross";
				PRODUCT_NAME = "$(TARGET_NAME)";
				SWIFT_EMIT_LOC_STRINGS = YES;
				SWIFT_VERSION = 5.0;
				TARGETED_DEVICE_FAMILY = "1,2";
			};
			name = Debug;
		};
		64C31F3A29291F57008ED01E /* Release */ = {
			isa = XCBuildConfiguration;
			buildSettings = {
				ASSETCATALOG_COMPILER_APPICON_NAME = AppIcon;
				ASSETCATALOG_COMPILER_GLOBAL_ACCENT_COLOR_NAME = AccentColor;
				CODE_SIGN_STYLE = Automatic;
				CURRENT_PROJECT_VERSION = 1;
				DEVELOPMENT_ASSET_PATHS = "\"Circle and Cross/Preview Content\"";
				ENABLE_PREVIEWS = YES;
				GENERATE_INFOPLIST_FILE = YES;
				INFOPLIST_KEY_UIApplicationSceneManifest_Generation = YES;
				INFOPLIST_KEY_UIApplicationSupportsIndirectInputEvents = YES;
				INFOPLIST_KEY_UILaunchScreen_Generation = YES;
				INFOPLIST_KEY_UISupportedInterfaceOrientations_iPad = "UIInterfaceOrientationPortrait UIInterfaceOrientationPortraitUpsideDown UIInterfaceOrientationLandscapeLeft UIInterfaceOrientationLandscapeRight";
				INFOPLIST_KEY_UISupportedInterfaceOrientations_iPhone = "UIInterfaceOrientationPortrait UIInterfaceOrientationLandscapeLeft UIInterfaceOrientationLandscapeRight";
				LD_RUNPATH_SEARCH_PATHS = (
					"$(inherited)",
					"@executable_path/Frameworks",
				);
				MARKETING_VERSION = 1.0;
				PRODUCT_BUNDLE_IDENTIFIER = "k-k.com.Circle-and-Cross";
				PRODUCT_NAME = "$(TARGET_NAME)";
				SWIFT_EMIT_LOC_STRINGS = YES;
				SWIFT_VERSION = 5.0;
				TARGETED_DEVICE_FAMILY = "1,2";
			};
			name = Release;
		};
		64C31F3C29291F57008ED01E /* Debug */ = {
			isa = XCBuildConfiguration;
			buildSettings = {
				ALWAYS_EMBED_SWIFT_STANDARD_LIBRARIES = YES;
				BUNDLE_LOADER = "$(TEST_HOST)";
				CODE_SIGN_STYLE = Automatic;
				CURRENT_PROJECT_VERSION = 1;
				GENERATE_INFOPLIST_FILE = YES;
				IPHONEOS_DEPLOYMENT_TARGET = 16.1;
				MARKETING_VERSION = 1.0;
				PRODUCT_BUNDLE_IDENTIFIER = "k-k.com.Circle-and-CrossTests";
				PRODUCT_NAME = "$(TARGET_NAME)";
				SWIFT_EMIT_LOC_STRINGS = NO;
				SWIFT_VERSION = 5.0;
				TARGETED_DEVICE_FAMILY = "1,2";
				TEST_HOST = "$(BUILT_PRODUCTS_DIR)/Circle and Cross.app/$(BUNDLE_EXECUTABLE_FOLDER_PATH)/Circle and Cross";
			};
			name = Debug;
		};
		64C31F3D29291F57008ED01E /* Release */ = {
			isa = XCBuildConfiguration;
			buildSettings = {
				ALWAYS_EMBED_SWIFT_STANDARD_LIBRARIES = YES;
				BUNDLE_LOADER = "$(TEST_HOST)";
				CODE_SIGN_STYLE = Automatic;
				CURRENT_PROJECT_VERSION = 1;
				GENERATE_INFOPLIST_FILE = YES;
				IPHONEOS_DEPLOYMENT_TARGET = 16.1;
				MARKETING_VERSION = 1.0;
				PRODUCT_BUNDLE_IDENTIFIER = "k-k.com.Circle-and-CrossTests";
				PRODUCT_NAME = "$(TARGET_NAME)";
				SWIFT_EMIT_LOC_STRINGS = NO;
				SWIFT_VERSION = 5.0;
				TARGETED_DEVICE_FAMILY = "1,2";
				TEST_HOST = "$(BUILT_PRODUCTS_DIR)/Circle and Cross.app/$(BUNDLE_EXECUTABLE_FOLDER_PATH)/Circle and Cross";
			};
			name = Release;
		};
		64C31F3F29291F57008ED01E /* Debug */ = {
			isa = XCBuildConfiguration;
			buildSettings = {
				ALWAYS_EMBED_SWIFT_STANDARD_LIBRARIES = YES;
				CODE_SIGN_STYLE = Automatic;
				CURRENT_PROJECT_VERSION = 1;
				GENERATE_INFOPLIST_FILE = YES;
				MARKETING_VERSION = 1.0;
				PRODUCT_BUNDLE_IDENTIFIER = "k-k.com.Circle-and-CrossUITests";
				PRODUCT_NAME = "$(TARGET_NAME)";
				SWIFT_EMIT_LOC_STRINGS = NO;
				SWIFT_VERSION = 5.0;
				TARGETED_DEVICE_FAMILY = "1,2";
				TEST_TARGET_NAME = "Circle and Cross";
			};
			name = Debug;
		};
		64C31F4029291F57008ED01E /* Release */ = {
			isa = XCBuildConfiguration;
			buildSettings = {
				ALWAYS_EMBED_SWIFT_STANDARD_LIBRARIES = YES;
				CODE_SIGN_STYLE = Automatic;
				CURRENT_PROJECT_VERSION = 1;
				GENERATE_INFOPLIST_FILE = YES;
				MARKETING_VERSION = 1.0;
				PRODUCT_BUNDLE_IDENTIFIER = "k-k.com.Circle-and-CrossUITests";
				PRODUCT_NAME = "$(TARGET_NAME)";
				SWIFT_EMIT_LOC_STRINGS = NO;
				SWIFT_VERSION = 5.0;
				TARGETED_DEVICE_FAMILY = "1,2";
				TEST_TARGET_NAME = "Circle and Cross";
			};
			name = Release;
		};
/* End XCBuildConfiguration section */

/* Begin XCConfigurationList section */
		64C31F0F29291F55008ED01E /* Build configuration list for PBXProject "Circle and Cross" */ = {
			isa = XCConfigurationList;
			buildConfigurations = (
				64C31F3629291F57008ED01E /* Debug */,
				64C31F3729291F57008ED01E /* Release */,
			);
			defaultConfigurationIsVisible = 0;
			defaultConfigurationName = Release;
		};
		64C31F3829291F57008ED01E /* Build configuration list for PBXNativeTarget "Circle and Cross" */ = {
			isa = XCConfigurationList;
			buildConfigurations = (
				64C31F3929291F57008ED01E /* Debug */,
				64C31F3A29291F57008ED01E /* Release */,
			);
			defaultConfigurationIsVisible = 0;
			defaultConfigurationName = Release;
		};
		64C31F3B29291F57008ED01E /* Build configuration list for PBXNativeTarget "Circle and CrossTests" */ = {
			isa = XCConfigurationList;
			buildConfigurations = (
				64C31F3C29291F57008ED01E /* Debug */,
				64C31F3D29291F57008ED01E /* Release */,
			);
			defaultConfigurationIsVisible = 0;
			defaultConfigurationName = Release;
		};
		64C31F3E29291F57008ED01E /* Build configuration list for PBXNativeTarget "Circle and CrossUITests" */ = {
			isa = XCConfigurationList;
			buildConfigurations = (
				64C31F3F29291F57008ED01E /* Debug */,
				64C31F4029291F57008ED01E /* Release */,
			);
			defaultConfigurationIsVisible = 0;
			defaultConfigurationName = Release;
		};
/* End XCConfigurationList section */
	};
	rootObject = 64C31F0C29291F55008ED01E /* Project object */;
}
